
Microsoft Visual Studio Solution File, Format Version 12.00
# Visual Studio Version 17
VisualStudioVersion = 17.7.34221.43
MinimumVisualStudioVersion = 10.0.40219.1
Project("{9A19103F-16F7-4668-BE54-9A1E7A4F7556}") = "OvertimePolicies", "OvertimePolicies\OvertimePolicies.csproj", "{3632631A-DFAB-47FE-AB8F-91D63C1DED31}"
EndProject
Project("{9A19103F-16F7-4668-BE54-9A1E7A4F7556}") = "SalaryCalculator.Domain", "SalaryCalculator.Domain\SalaryCalculator.Domain.csproj", "{A67EC81F-7CED-4694-8964-E9919A5534CC}"
EndProject
Project("{9A19103F-16F7-4668-BE54-9A1E7A4F7556}") = "SalaryCalculator.Application", "SalaryCalculator.Application\SalaryCalculator.Application.csproj", "{2C635199-C50A-4019-A71D-BE5083840F39}"
EndProject
Project("{9A19103F-16F7-4668-BE54-9A1E7A4F7556}") = "SalaryCalculator.Infrastructure", "SalaryCalculator.Infrastructure\SalaryCalculator.Infrastructure.csproj", "{AC10E0B8-AFCE-4D44-9D86-8EA14695BE41}"
EndProject
Project("{9A19103F-16F7-4668-BE54-9A1E7A4F7556}") = "SalaryCalculator.Api", "SalaryCalculator.Api\SalaryCalculator.Api.csproj", "{EAEA2A69-FA64-4FC5-BC81-D33F83D15B36}"
EndProject
Global
	GlobalSection(SolutionConfigurationPlatforms) = preSolution
		Debug|Any CPU = Debug|Any CPU
		Release|Any CPU = Release|Any CPU
	EndGlobalSection
	GlobalSection(ProjectConfigurationPlatforms) = postSolution
		{3632631A-DFAB-47FE-AB8F-91D63C1DED31}.Debug|Any CPU.ActiveCfg = Debug|Any CPU
		{3632631A-DFAB-47FE-AB8F-91D63C1DED31}.Debug|Any CPU.Build.0 = Debug|Any CPU
		{3632631A-DFAB-47FE-AB8F-91D63C1DED31}.Release|Any CPU.ActiveCfg = Release|Any CPU
		{3632631A-DFAB-47FE-AB8F-91D63C1DED31}.Release|Any CPU.Build.0 = Release|Any CPU
		{A67EC81F-7CED-4694-8964-E9919A5534CC}.Debug|Any CPU.ActiveCfg = Debug|Any CPU
		{A67EC81F-7CED-4694-8964-E9919A5534CC}.Debug|Any CPU.Build.0 = Debug|Any CPU
		{A67EC81F-7CED-4694-8964-E9919A5534CC}.Release|Any CPU.ActiveCfg = Release|Any CPU
		{A67EC81F-7CED-4694-8964-E9919A5534CC}.Release|Any CPU.Build.0 = Release|Any CPU
		{2C635199-C50A-4019-A71D-BE5083840F39}.Debug|Any CPU.ActiveCfg = Debug|Any CPU
		{2C635199-C50A-4019-A71D-BE5083840F39}.Debug|Any CPU.Build.0 = Debug|Any CPU
		{2C635199-C50A-4019-A71D-BE5083840F39}.Release|Any CPU.ActiveCfg = Release|Any CPU
		{2C635199-C50A-4019-A71D-BE5083840F39}.Release|Any CPU.Build.0 = Release|Any CPU
		{AC10E0B8-AFCE-4D44-9D86-8EA14695BE41}.Debug|Any CPU.ActiveCfg = Debug|Any CPU
		{AC10E0B8-AFCE-4D44-9D86-8EA14695BE41}.Debug|Any CPU.Build.0 = Debug|Any CPU
		{AC10E0B8-AFCE-4D44-9D86-8EA14695BE41}.Release|Any CPU.ActiveCfg = Release|Any CPU
		{AC10E0B8-AFCE-4D44-9D86-8EA14695BE41}.Release|Any CPU.Build.0 = Release|Any CPU
		{EAEA2A69-FA64-4FC5-BC81-D33F83D15B36}.Debug|Any CPU.ActiveCfg = Debug|Any CPU
		{EAEA2A69-FA64-4FC5-BC81-D33F83D15B36}.Debug|Any CPU.Build.0 = Debug|Any CPU
		{EAEA2A69-FA64-4FC5-BC81-D33F83D15B36}.Release|Any CPU.ActiveCfg = Release|Any CPU
		{EAEA2A69-FA64-4FC5-BC81-D33F83D15B36}.Release|Any CPU.Build.0 = Release|Any CPU
	EndGlobalSection
	GlobalSection(SolutionProperties) = preSolution
		HideSolutionNode = FALSE
	EndGlobalSection
	GlobalSection(ExtensibilityGlobals) = postSolution
		SolutionGuid = {9D555FB7-06A3-472B-B1F4-62E1B394D3AB}
	EndGlobalSection
EndGlobal
